// !$*UTF8*$!
{
	archiveVersion = 1;
	classes = {
	};
	objectVersion = 48;
	objects = {

/* Begin PBXBuildFile section */
		0412CFD2202AF7170085ABE4 /* BLEView.swift in Sources */ = {isa = PBXBuildFile; fileRef = 0412CFD1202AF7170085ABE4 /* BLEView.swift */; };
		0412CFD4202AF7920085ABE4 /* BLEView.xib in Resources */ = {isa = PBXBuildFile; fileRef = 0412CFD3202AF7920085ABE4 /* BLEView.xib */; };
		0444E7B5201AD4290007B0E5 /* AppDelegate.swift in Sources */ = {isa = PBXBuildFile; fileRef = 0444E7B4201AD4290007B0E5 /* AppDelegate.swift */; };
		0444E7B7201AD4290007B0E5 /* ViewController.swift in Sources */ = {isa = PBXBuildFile; fileRef = 0444E7B6201AD4290007B0E5 /* ViewController.swift */; };
		0444E7BA201AD4290007B0E5 /* Main.storyboard in Resources */ = {isa = PBXBuildFile; fileRef = 0444E7B8201AD4290007B0E5 /* Main.storyboard */; };
		0444E7BC201AD4290007B0E5 /* Assets.xcassets in Resources */ = {isa = PBXBuildFile; fileRef = 0444E7BB201AD4290007B0E5 /* Assets.xcassets */; };
		0444E7BF201AD4290007B0E5 /* LaunchScreen.storyboard in Resources */ = {isa = PBXBuildFile; fileRef = 0444E7BD201AD4290007B0E5 /* LaunchScreen.storyboard */; };
		0444E7C9201AD5590007B0E5 /* Person.swift in Sources */ = {isa = PBXBuildFile; fileRef = 0444E7C8201AD5590007B0E5 /* Person.swift */; };
		0444E7CB201AD5970007B0E5 /* Man.swift in Sources */ = {isa = PBXBuildFile; fileRef = 0444E7CA201AD5970007B0E5 /* Man.swift */; };
		0444E7CD201AD5DE0007B0E5 /* Person+Category.swift in Sources */ = {isa = PBXBuildFile; fileRef = 0444E7CC201AD5DE0007B0E5 /* Person+Category.swift */; };
		04768B6A2020061D0030CF9F /* ViewA.swift in Sources */ = {isa = PBXBuildFile; fileRef = 04768B692020061D0030CF9F /* ViewA.swift */; };
		04768B6C2020062E0030CF9F /* ViewB.swift in Sources */ = {isa = PBXBuildFile; fileRef = 04768B6B2020062E0030CF9F /* ViewB.swift */; };
		04768B6E202006300030CF9F /* ViewC.swift in Sources */ = {isa = PBXBuildFile; fileRef = 04768B6D202006300030CF9F /* ViewC.swift */; };
		04768B70202006320030CF9F /* ViewD.swift in Sources */ = {isa = PBXBuildFile; fileRef = 04768B6F202006320030CF9F /* ViewD.swift */; };
		04768B72202006360030CF9F /* ViewE.swift in Sources */ = {isa = PBXBuildFile; fileRef = 04768B71202006360030CF9F /* ViewE.swift */; };
		04969E7D202D38F000849968 /* BLEView_.xib in Resources */ = {isa = PBXBuildFile; fileRef = 04969E7C202D38F000849968 /* BLEView_.xib */; };
		049FF3AA2021968100631F9E /* BaseView.swift in Sources */ = {isa = PBXBuildFile; fileRef = 049FF3A92021968100631F9E /* BaseView.swift */; };
		04E23661202995CE00431C1A /* BLEViewController.swift in Sources */ = {isa = PBXBuildFile; fileRef = 04E23660202995CE00431C1A /* BLEViewController.swift */; };
/* End PBXBuildFile section */

/* Begin PBXFileReference section */
		0412CFD1202AF7170085ABE4 /* BLEView.swift */ = {isa = PBXFileReference; lastKnownFileType = sourcecode.swift; path = BLEView.swift; sourceTree = "<group>"; };
		0412CFD3202AF7920085ABE4 /* BLEView.xib */ = {isa = PBXFileReference; lastKnownFileType = file.xib; path = BLEView.xib; sourceTree = "<group>"; };
		0444E7B1201AD4290007B0E5 /* Interview.app */ = {isa = PBXFileReference; explicitFileType = wrapper.application; includeInIndex = 0; path = Interview.app; sourceTree = BUILT_PRODUCTS_DIR; };
		0444E7B4201AD4290007B0E5 /* AppDelegate.swift */ = {isa = PBXFileReference; lastKnownFileType = sourcecode.swift; path = AppDelegate.swift; sourceTree = "<group>"; };
		0444E7B6201AD4290007B0E5 /* ViewController.swift */ = {isa = PBXFileReference; lastKnownFileType = sourcecode.swift; path = ViewController.swift; sourceTree = "<group>"; };
		0444E7B9201AD4290007B0E5 /* Base */ = {isa = PBXFileReference; lastKnownFileType = file.storyboard; name = Base; path = Base.lproj/Main.storyboard; sourceTree = "<group>"; };
		0444E7BB201AD4290007B0E5 /* Assets.xcassets */ = {isa = PBXFileReference; lastKnownFileType = folder.assetcatalog; path = Assets.xcassets; sourceTree = "<group>"; };
		0444E7BE201AD4290007B0E5 /* Base */ = {isa = PBXFileReference; lastKnownFileType = file.storyboard; name = Base; path = Base.lproj/LaunchScreen.storyboard; sourceTree = "<group>"; };
		0444E7C0201AD4290007B0E5 /* Info.plist */ = {isa = PBXFileReference; lastKnownFileType = text.plist.xml; path = Info.plist; sourceTree = "<group>"; };
		0444E7C8201AD5590007B0E5 /* Person.swift */ = {isa = PBXFileReference; lastKnownFileType = sourcecode.swift; path = Person.swift; sourceTree = "<group>"; };
		0444E7CA201AD5970007B0E5 /* Man.swift */ = {isa = PBXFileReference; lastKnownFileType = sourcecode.swift; path = Man.swift; sourceTree = "<group>"; };
		0444E7CC201AD5DE0007B0E5 /* Person+Category.swift */ = {isa = PBXFileReference; lastKnownFileType = sourcecode.swift; path = "Person+Category.swift"; sourceTree = "<group>"; };
		04768B692020061D0030CF9F /* ViewA.swift */ = {isa = PBXFileReference; lastKnownFileType = sourcecode.swift; path = ViewA.swift; sourceTree = "<group>"; };
		04768B6B2020062E0030CF9F /* ViewB.swift */ = {isa = PBXFileReference; lastKnownFileType = sourcecode.swift; path = ViewB.swift; sourceTree = "<group>"; };
		04768B6D202006300030CF9F /* ViewC.swift */ = {isa = PBXFileReference; lastKnownFileType = sourcecode.swift; path = ViewC.swift; sourceTree = "<group>"; };
		04768B6F202006320030CF9F /* ViewD.swift */ = {isa = PBXFileReference; lastKnownFileType = sourcecode.swift; path = ViewD.swift; sourceTree = "<group>"; };
		04768B71202006360030CF9F /* ViewE.swift */ = {isa = PBXFileReference; lastKnownFileType = sourcecode.swift; path = ViewE.swift; sourceTree = "<group>"; };
		04969E7C202D38F000849968 /* BLEView_.xib */ = {isa = PBXFileReference; lastKnownFileType = file.xib; path = BLEView_.xib; sourceTree = "<group>"; };
		049FF3A92021968100631F9E /* BaseView.swift */ = {isa = PBXFileReference; lastKnownFileType = sourcecode.swift; path = BaseView.swift; sourceTree = "<group>"; };
		04E23660202995CE00431C1A /* BLEViewController.swift */ = {isa = PBXFileReference; lastKnownFileType = sourcecode.swift; path = BLEViewController.swift; sourceTree = "<group>"; };
/* End PBXFileReference section */

/* Begin PBXFrameworksBuildPhase section */
		0444E7AE201AD4290007B0E5 /* Frameworks */ = {
			isa = PBXFrameworksBuildPhase;
			buildActionMask = 2147483647;
			files = (
			);
			runOnlyForDeploymentPostprocessing = 0;
		};
/* End PBXFrameworksBuildPhase section */

/* Begin PBXGroup section */
		0412CFD0202AF6F70085ABE4 /* View */ = {
			isa = PBXGroup;
			children = (
				0412CFD1202AF7170085ABE4 /* BLEView.swift */,
				0412CFD3202AF7920085ABE4 /* BLEView.xib */,
				04969E7C202D38F000849968 /* BLEView_.xib */,
			);
			path = View;
			sourceTree = "<group>";
		};
		0444E7A8201AD4290007B0E5 = {
			isa = PBXGroup;
			children = (
				0444E7B3201AD4290007B0E5 /* Interview */,
				0444E7B2201AD4290007B0E5 /* Products */,
			);
			sourceTree = "<group>";
		};
		0444E7B2201AD4290007B0E5 /* Products */ = {
			isa = PBXGroup;
			children = (
				0444E7B1201AD4290007B0E5 /* Interview.app */,
			);
			name = Products;
			sourceTree = "<group>";
		};
		0444E7B3201AD4290007B0E5 /* Interview */ = {
			isa = PBXGroup;
			children = (
				04E2365F2029957800431C1A /* BLE */,
				04768B68202005DD0030CF9F /* Responder Chain */,
				0444E7C7201AD4B50007B0E5 /* Catagory_Inheritance */,
				0444E7C6201AD4480007B0E5 /* shallow copy_deep copy */,
				0444E7B4201AD4290007B0E5 /* AppDelegate.swift */,
				0444E7B6201AD4290007B0E5 /* ViewController.swift */,
				0444E7B8201AD4290007B0E5 /* Main.storyboard */,
				0444E7BB201AD4290007B0E5 /* Assets.xcassets */,
				0444E7BD201AD4290007B0E5 /* LaunchScreen.storyboard */,
				0444E7C0201AD4290007B0E5 /* Info.plist */,
			);
			path = Interview;
			sourceTree = "<group>";
		};
		0444E7C6201AD4480007B0E5 /* shallow copy_deep copy */ = {
			isa = PBXGroup;
			children = (
			);
			path = "shallow copy_deep copy";
			sourceTree = "<group>";
		};
		0444E7C7201AD4B50007B0E5 /* Catagory_Inheritance */ = {
			isa = PBXGroup;
			children = (
				0444E7C8201AD5590007B0E5 /* Person.swift */,
				0444E7CA201AD5970007B0E5 /* Man.swift */,
				0444E7CC201AD5DE0007B0E5 /* Person+Category.swift */,
			);
			path = Catagory_Inheritance;
			sourceTree = "<group>";
		};
		04768B68202005DD0030CF9F /* Responder Chain */ = {
			isa = PBXGroup;
			children = (
				04768B71202006360030CF9F /* ViewE.swift */,
				04768B6F202006320030CF9F /* ViewD.swift */,
				04768B6D202006300030CF9F /* ViewC.swift */,
				04768B6B2020062E0030CF9F /* ViewB.swift */,
				04768B692020061D0030CF9F /* ViewA.swift */,
				049FF3A92021968100631F9E /* BaseView.swift */,
			);
			path = "Responder Chain";
			sourceTree = "<group>";
		};
		04E2365F2029957800431C1A /* BLE */ = {
			isa = PBXGroup;
			children = (
				0412CFD0202AF6F70085ABE4 /* View */,
				04E23660202995CE00431C1A /* BLEViewController.swift */,
			);
			path = BLE;
			sourceTree = "<group>";
		};
/* End PBXGroup section */

/* Begin PBXNativeTarget section */
		0444E7B0201AD4290007B0E5 /* Interview */ = {
			isa = PBXNativeTarget;
			buildConfigurationList = 0444E7C3201AD4290007B0E5 /* Build configuration list for PBXNativeTarget "Interview" */;
			buildPhases = (
				0444E7AD201AD4290007B0E5 /* Sources */,
				0444E7AE201AD4290007B0E5 /* Frameworks */,
				0444E7AF201AD4290007B0E5 /* Resources */,
			);
			buildRules = (
			);
			dependencies = (
			);
			name = Interview;
			productName = Interview;
			productReference = 0444E7B1201AD4290007B0E5 /* Interview.app */;
			productType = "com.apple.product-type.application";
		};
/* End PBXNativeTarget section */

/* Begin PBXProject section */
		0444E7A9201AD4290007B0E5 /* Project object */ = {
			isa = PBXProject;
			attributes = {
				LastSwiftUpdateCheck = 0920;
				LastUpgradeCheck = 0920;
				ORGANIZATIONNAME = modi;
				TargetAttributes = {
					0444E7B0201AD4290007B0E5 = {
						CreatedOnToolsVersion = 9.2;
						ProvisioningStyle = Automatic;
					};
				};
			};
			buildConfigurationList = 0444E7AC201AD4290007B0E5 /* Build configuration list for PBXProject "Interview" */;
			compatibilityVersion = "Xcode 8.0";
			developmentRegion = en;
			hasScannedForEncodings = 0;
			knownRegions = (
				en,
				Base,
			);
			mainGroup = 0444E7A8201AD4290007B0E5;
			productRefGroup = 0444E7B2201AD4290007B0E5 /* Products */;
			projectDirPath = "";
			projectRoot = "";
			targets = (
				0444E7B0201AD4290007B0E5 /* Interview */,
			);
		};
/* End PBXProject section */

/* Begin PBXResourcesBuildPhase section */
		0444E7AF201AD4290007B0E5 /* Resources */ = {
			isa = PBXResourcesBuildPhase;
			buildActionMask = 2147483647;
			files = (
				0444E7BF201AD4290007B0E5 /* LaunchScreen.storyboard in Resources */,
				0444E7BC201AD4290007B0E5 /* Assets.xcassets in Resources */,
				0412CFD4202AF7920085ABE4 /* BLEView.xib in Resources */,
				04969E7D202D38F000849968 /* BLEView_.xib in Resources */,
				0444E7BA201AD4290007B0E5 /* Main.storyboard in Resources */,
			);
			runOnlyForDeploymentPostprocessing = 0;
		};
/* End PBXResourcesBuildPhase section */

/* Begin PBXSourcesBuildPhase section */
		0444E7AD201AD4290007B0E5 /* Sources */ = {
			isa = PBXSourcesBuildPhase;
			buildActionMask = 2147483647;
			files = (
				04E23661202995CE00431C1A /* BLEViewController.swift in Sources */,
				0444E7CB201AD5970007B0E5 /* Man.swift in Sources */,
				0444E7C9201AD5590007B0E5 /* Person.swift in Sources */,
				0412CFD2202AF7170085ABE4 /* BLEView.swift in Sources */,
				04768B6C2020062E0030CF9F /* ViewB.swift in Sources */,
				0444E7CD201AD5DE0007B0E5 /* Person+Category.swift in Sources */,
				04768B72202006360030CF9F /* ViewE.swift in Sources */,
				04768B70202006320030CF9F /* ViewD.swift in Sources */,
				0444E7B7201AD4290007B0E5 /* ViewController.swift in Sources */,
				04768B6A2020061D0030CF9F /* ViewA.swift in Sources */,
				04768B6E202006300030CF9F /* ViewC.swift in Sources */,
				049FF3AA2021968100631F9E /* BaseView.swift in Sources */,
				0444E7B5201AD4290007B0E5 /* AppDelegate.swift in Sources */,
			);
			runOnlyForDeploymentPostprocessing = 0;
		};
/* End PBXSourcesBuildPhase section */

/* Begin PBXVariantGroup section */
		0444E7B8201AD4290007B0E5 /* Main.storyboard */ = {
			isa = PBXVariantGroup;
			children = (
				0444E7B9201AD4290007B0E5 /* Base */,
			);
			name = Main.storyboard;
			sourceTree = "<group>";
		};
		0444E7BD201AD4290007B0E5 /* LaunchScreen.storyboard */ = {
			isa = PBXVariantGroup;
			children = (
				0444E7BE201AD4290007B0E5 /* Base */,
			);
			name = LaunchScreen.storyboard;
			sourceTree = "<group>";
		};
/* End PBXVariantGroup section */

/* Begin XCBuildConfiguration section */
		0444E7C1201AD4290007B0E5 /* Debug */ = {
			isa = XCBuildConfiguration;
			buildSettings = {
				ALWAYS_SEARCH_USER_PATHS = NO;
				CLANG_ANALYZER_NONNULL = YES;
				CLANG_ANALYZER_NUMBER_OBJECT_CONVERSION = YES_AGGRESSIVE;
				CLANG_CXX_LANGUAGE_STANDARD = "gnu++14";
				CLANG_CXX_LIBRARY = "libc++";
				CLANG_ENABLE_MODULES = YES;
				CLANG_ENABLE_OBJC_ARC = YES;
				CLANG_WARN_BLOCK_CAPTURE_AUTORELEASING = YES;
				CLANG_WARN_BOOL_CONVERSION = YES;
				CLANG_WARN_COMMA = YES;
				CLANG_WARN_CONSTANT_CONVERSION = YES;
				CLANG_WARN_DIRECT_OBJC_ISA_USAGE = YES_ERROR;
				CLANG_WARN_DOCUMENTATION_COMMENTS = YES;
				CLANG_WARN_EMPTY_BODY = YES;
				CLANG_WARN_ENUM_CONVERSION = YES;
				CLANG_WARN_INFINITE_RECURSION = YES;
				CLANG_WARN_INT_CONVERSION = YES;
				CLANG_WARN_NON_LITERAL_NULL_CONVERSION = YES;
				CLANG_WARN_OBJC_LITERAL_CONVERSION = YES;
				CLANG_WARN_OBJC_ROOT_CLASS = YES_ERROR;
				CLANG_WARN_RANGE_LOOP_ANALYSIS = YES;
				CLANG_WARN_STRICT_PROTOTYPES = YES;
				CLANG_WARN_SUSPICIOUS_MOVE = YES;
				CLANG_WARN_UNGUARDED_AVAILABILITY = YES_AGGRESSIVE;
				CLANG_WARN_UNREACHABLE_CODE = YES;
				CLANG_WARN__DUPLICATE_METHOD_MATCH = YES;
				CODE_SIGN_IDENTITY = "iPhone Developer";
				COPY_PHASE_STRIP = NO;
				DEBUG_INFORMATION_FORMAT = dwarf;
				ENABLE_STRICT_OBJC_MSGSEND = YES;
				ENABLE_TESTABILITY = YES;
				GCC_C_LANGUAGE_STANDARD = gnu11;
				GCC_DYNAMIC_NO_PIC = NO;
				GCC_NO_COMMON_BLOCKS = YES;
				GCC_OPTIMIZATION_LEVEL = 0;
				GCC_PREPROCESSOR_DEFINITIONS = (
					"DEBUG=1",
					"$(inherited)",
				);
				GCC_WARN_64_TO_32_BIT_CONVERSION = YES;
				GCC_WARN_ABOUT_RETURN_TYPE = YES_ERROR;
				GCC_WARN_UNDECLARED_SELECTOR = YES;
				GCC_WARN_UNINITIALIZED_AUTOS = YES_AGGRESSIVE;
				GCC_WARN_UNUSED_FUNCTION = YES;
				GCC_WARN_UNUSED_VARIABLE = YES;
				IPHONEOS_DEPLOYMENT_TARGET = 11.2;
				MTL_ENABLE_DEBUG_INFO = YES;
				ONLY_ACTIVE_ARCH = YES;
				SDKROOT = iphoneos;
				SWIFT_ACTIVE_COMPILATION_CONDITIONS = DEBUG;
				SWIFT_OPTIMIZATION_LEVEL = "-Onone";
			};
			name = Debug;
		};
		0444E7C2201AD4290007B0E5 /* Release */ = {
			isa = XCBuildConfiguration;
			buildSettings = {
				ALWAYS_SEARCH_USER_PATHS = NO;
				CLANG_ANALYZER_NONNULL = YES;
				CLANG_ANALYZER_NUMBER_OBJECT_CONVERSION = YES_AGGRESSIVE;
				CLANG_CXX_LANGUAGE_STANDARD = "gnu++14";
				CLANG_CXX_LIBRARY = "libc++";
				CLANG_ENABLE_MODULES = YES;
				CLANG_ENABLE_OBJC_ARC = YES;
				CLANG_WARN_BLOCK_CAPTURE_AUTORELEASING = YES;
				CLANG_WARN_BOOL_CONVERSION = YES;
				CLANG_WARN_COMMA = YES;
				CLANG_WARN_CONSTANT_CONVERSION = YES;
				CLANG_WARN_DIRECT_OBJC_ISA_USAGE = YES_ERROR;
				CLANG_WARN_DOCUMENTATION_COMMENTS = YES;
				CLANG_WARN_EMPTY_BODY = YES;
				CLANG_WARN_ENUM_CONVERSION = YES;
				CLANG_WARN_INFINITE_RECURSION = YES;
				CLANG_WARN_INT_CONVERSION = YES;
				CLANG_WARN_NON_LITERAL_NULL_CONVERSION = YES;
				CLANG_WARN_OBJC_LITERAL_CONVERSION = YES;
				CLANG_WARN_OBJC_ROOT_CLASS = YES_ERROR;
				CLANG_WARN_RANGE_LOOP_ANALYSIS = YES;
				CLANG_WARN_STRICT_PROTOTYPES = YES;
				CLANG_WARN_SUSPICIOUS_MOVE = YES;
				CLANG_WARN_UNGUARDED_AVAILABILITY = YES_AGGRESSIVE;
				CLANG_WARN_UNREACHABLE_CODE = YES;
				CLANG_WARN__DUPLICATE_METHOD_MATCH = YES;
				CODE_SIGN_IDENTITY = "iPhone Developer";
				COPY_PHASE_STRIP = NO;
				DEBUG_INFORMATION_FORMAT = "dwarf-with-dsym";
				ENABLE_NS_ASSERTIONS = NO;
				ENABLE_STRICT_OBJC_MSGSEND = YES;
				GCC_C_LANGUAGE_STANDARD = gnu11;
				GCC_NO_COMMON_BLOCKS = YES;
				GCC_WARN_64_TO_32_BIT_CONVERSION = YES;
				GCC_WARN_ABOUT_RETURN_TYPE = YES_ERROR;
				GCC_WARN_UNDECLARED_SELECTOR = YES;
				GCC_WARN_UNINITIALIZED_AUTOS = YES_AGGRESSIVE;
				GCC_WARN_UNUSED_FUNCTION = YES;
				GCC_WARN_UNUSED_VARIABLE = YES;
				IPHONEOS_DEPLOYMENT_TARGET = 11.2;
				MTL_ENABLE_DEBUG_INFO = NO;
				SDKROOT = iphoneos;
				SWIFT_OPTIMIZATION_LEVEL = "-Owholemodule";
				VALIDATE_PRODUCT = YES;
			};
			name = Release;
		};
		0444E7C4201AD4290007B0E5 /* Debug */ = {
			isa = XCBuildConfiguration;
			buildSettings = {
				ASSETCATALOG_COMPILER_APPICON_NAME = AppIcon;
				CODE_SIGN_STYLE = Automatic;
				DEVELOPMENT_TEAM = KJ2S6KBYBK;
				INFOPLIST_FILE = Interview/Info.plist;
				IPHONEOS_DEPLOYMENT_TARGET = 11.1;
				LD_RUNPATH_SEARCH_PATHS = "$(inherited) @executable_path/Frameworks";
				PRODUCT_BUNDLE_IDENTIFIER = com.modi.Interview;
				PRODUCT_NAME = "$(TARGET_NAME)";
				SWIFT_VERSION = 4.0;
				TARGETED_DEVICE_FAMILY = "1,2";
			};
			name = Debug;
		};
		0444E7C5201AD4290007B0E5 /* Release */ = {
			isa = XCBuildConfiguration;
			buildSettings = {
				ASSETCATALOG_COMPILER_APPICON_NAME = AppIcon;
				CODE_SIGN_STYLE = Automatic;
				DEVELOPMENT_TEAM = KJ2S6KBYBK;
				INFOPLIST_FILE = Interview/Info.plist;
				IPHONEOS_DEPLOYMENT_TARGET = 11.1;
				LD_RUNPATH_SEARCH_PATHS = "$(inherited) @executable_path/Frameworks";
				PRODUCT_BUNDLE_IDENTIFIER = com.modi.Interview;
				PRODUCT_NAME = "$(TARGET_NAME)";
				SWIFT_VERSION = 4.0;
				TARGETED_DEVICE_FAMILY = "1,2";
			};
			name = Release;
		};
/* End XCBuildConfiguration section */

/* Begin XCConfigurationList section */
		0444E7AC201AD4290007B0E5 /* Build configuration list for PBXProject "Interview" */ = {
			isa = XCConfigurationList;
			buildConfigurations = (
				0444E7C1201AD4290007B0E5 /* Debug */,
				0444E7C2201AD4290007B0E5 /* Release */,
			);
			defaultConfigurationIsVisible = 0;
			defaultConfigurationName = Release;
		};
		0444E7C3201AD4290007B0E5 /* Build configuration list for PBXNativeTarget "Interview" */ = {
			isa = XCConfigurationList;
			buildConfigurations = (
				0444E7C4201AD4290007B0E5 /* Debug */,
				0444E7C5201AD4290007B0E5 /* Release */,
			);
			defaultConfigurationIsVisible = 0;
			defaultConfigurationName = Release;
		};
/* End XCConfigurationList section */
	};
	rootObject = 0444E7A9201AD4290007B0E5 /* Project object */;
}
