// !$*UTF8*$!
{
	archiveVersion = 1;
	classes = {
	};
	objectVersion = 46;
	objects = {

/* Begin PBXBuildFile section */
		A6A1413B1C16BAA20048AB93 /* main.m in Sources */ = {isa = PBXBuildFile; fileRef = A6A1413A1C16BAA20048AB93 /* main.m */; };
		A6A1413E1C16BAA20048AB93 /* AppDelegate.m in Sources */ = {isa = PBXBuildFile; fileRef = A6A1413D1C16BAA20048AB93 /* AppDelegate.m */; };
		A6A141411C16BAA20048AB93 /* ViewController.m in Sources */ = {isa = PBXBuildFile; fileRef = A6A141401C16BAA20048AB93 /* ViewController.m */; };
		A6A141441C16BAA20048AB93 /* Main.storyboard in Resources */ = {isa = PBXBuildFile; fileRef = A6A141421C16BAA20048AB93 /* Main.storyboard */; };
		A6A141461C16BAA20048AB93 /* Assets.xcassets in Resources */ = {isa = PBXBuildFile; fileRef = A6A141451C16BAA20048AB93 /* Assets.xcassets */; };
		A6A141491C16BAA20048AB93 /* LaunchScreen.storyboard in Resources */ = {isa = PBXBuildFile; fileRef = A6A141471C16BAA20048AB93 /* LaunchScreen.storyboard */; };
		A6A141521C16BBD40048AB93 /* HMView.m in Sources */ = {isa = PBXBuildFile; fileRef = A6A141511C16BBD40048AB93 /* HMView.m */; settings = {ASSET_TAGS = (); }; };
/* End PBXBuildFile section */

/* Begin PBXFileReference section */
		A6A141361C16BAA20048AB93 /* 手势解锁.app */ = {isa = PBXFileReference; explicitFileType = wrapper.application; includeInIndex = 0; path = "手势解锁.app"; sourceTree = BUILT_PRODUCTS_DIR; };
		A6A1413A1C16BAA20048AB93 /* main.m */ = {isa = PBXFileReference; lastKnownFileType = sourcecode.c.objc; path = main.m; sourceTree = "<group>"; };
		A6A1413C1C16BAA20048AB93 /* AppDelegate.h */ = {isa = PBXFileReference; lastKnownFileType = sourcecode.c.h; path = AppDelegate.h; sourceTree = "<group>"; };
		A6A1413D1C16BAA20048AB93 /* AppDelegate.m */ = {isa = PBXFileReference; lastKnownFileType = sourcecode.c.objc; path = AppDelegate.m; sourceTree = "<group>"; };
		A6A1413F1C16BAA20048AB93 /* ViewController.h */ = {isa = PBXFileReference; lastKnownFileType = sourcecode.c.h; path = ViewController.h; sourceTree = "<group>"; };
		A6A141401C16BAA20048AB93 /* ViewController.m */ = {isa = PBXFileReference; lastKnownFileType = sourcecode.c.objc; path = ViewController.m; sourceTree = "<group>"; };
		A6A141431C16BAA20048AB93 /* Base */ = {isa = PBXFileReference; lastKnownFileType = file.storyboard; name = Base; path = Base.lproj/Main.storyboard; sourceTree = "<group>"; };
		A6A141451C16BAA20048AB93 /* Assets.xcassets */ = {isa = PBXFileReference; lastKnownFileType = folder.assetcatalog; path = Assets.xcassets; sourceTree = "<group>"; };
		A6A141481C16BAA20048AB93 /* Base */ = {isa = PBXFileReference; lastKnownFileType = file.storyboard; name = Base; path = Base.lproj/LaunchScreen.storyboard; sourceTree = "<group>"; };
		A6A1414A1C16BAA20048AB93 /* Info.plist */ = {isa = PBXFileReference; lastKnownFileType = text.plist.xml; path = Info.plist; sourceTree = "<group>"; };
		A6A141501C16BBD40048AB93 /* HMView.h */ = {isa = PBXFileReference; fileEncoding = 4; lastKnownFileType = sourcecode.c.h; path = HMView.h; sourceTree = "<group>"; };
		A6A141511C16BBD40048AB93 /* HMView.m */ = {isa = PBXFileReference; fileEncoding = 4; lastKnownFileType = sourcecode.c.objc; path = HMView.m; sourceTree = "<group>"; };
/* End PBXFileReference section */

/* Begin PBXFrameworksBuildPhase section */
		A6A141331C16BAA20048AB93 /* Frameworks */ = {
			isa = PBXFrameworksBuildPhase;
			buildActionMask = 2147483647;
			files = (
			);
			runOnlyForDeploymentPostprocessing = 0;
		};
/* End PBXFrameworksBuildPhase section */

/* Begin PBXGroup section */
		A6A1412D1C16BAA20048AB93 = {
			isa = PBXGroup;
			children = (
				A6A141381C16BAA20048AB93 /* 手势解锁 */,
				A6A141371C16BAA20048AB93 /* Products */,
			);
			sourceTree = "<group>";
		};
		A6A141371C16BAA20048AB93 /* Products */ = {
			isa = PBXGroup;
			children = (
				A6A141361C16BAA20048AB93 /* 手势解锁.app */,
			);
			name = Products;
			sourceTree = "<group>";
		};
		A6A141381C16BAA20048AB93 /* 手势解锁 */ = {
			isa = PBXGroup;
			children = (
				A6A1413C1C16BAA20048AB93 /* AppDelegate.h */,
				A6A1413D1C16BAA20048AB93 /* AppDelegate.m */,
				A6A1413F1C16BAA20048AB93 /* ViewController.h */,
				A6A141401C16BAA20048AB93 /* ViewController.m */,
				A6A141421C16BAA20048AB93 /* Main.storyboard */,
				A6A141451C16BAA20048AB93 /* Assets.xcassets */,
				A6A141471C16BAA20048AB93 /* LaunchScreen.storyboard */,
				A6A1414A1C16BAA20048AB93 /* Info.plist */,
				A6A141391C16BAA20048AB93 /* Supporting Files */,
				A6A141501C16BBD40048AB93 /* HMView.h */,
				A6A141511C16BBD40048AB93 /* HMView.m */,
			);
			path = "手势解锁";
			sourceTree = "<group>";
		};
		A6A141391C16BAA20048AB93 /* Supporting Files */ = {
			isa = PBXGroup;
			children = (
				A6A1413A1C16BAA20048AB93 /* main.m */,
			);
			name = "Supporting Files";
			sourceTree = "<group>";
		};
/* End PBXGroup section */

/* Begin PBXNativeTarget section */
		A6A141351C16BAA20048AB93 /* 手势解锁 */ = {
			isa = PBXNativeTarget;
			buildConfigurationList = A6A1414D1C16BAA20048AB93 /* Build configuration list for PBXNativeTarget "手势解锁" */;
			buildPhases = (
				A6A141321C16BAA20048AB93 /* Sources */,
				A6A141331C16BAA20048AB93 /* Frameworks */,
				A6A141341C16BAA20048AB93 /* Resources */,
			);
			buildRules = (
			);
			dependencies = (
			);
			name = "手势解锁";
			productName = "手势解锁";
			productReference = A6A141361C16BAA20048AB93 /* 手势解锁.app */;
			productType = "com.apple.product-type.application";
		};
/* End PBXNativeTarget section */

/* Begin PBXProject section */
		A6A1412E1C16BAA20048AB93 /* Project object */ = {
			isa = PBXProject;
			attributes = {
				LastUpgradeCheck = 0700;
				ORGANIZATIONNAME = heima;
				TargetAttributes = {
					A6A141351C16BAA20048AB93 = {
						CreatedOnToolsVersion = 7.0;
					};
				};
			};
			buildConfigurationList = A6A141311C16BAA20048AB93 /* Build configuration list for PBXProject "手势解锁" */;
			compatibilityVersion = "Xcode 3.2";
			developmentRegion = English;
			hasScannedForEncodings = 0;
			knownRegions = (
				en,
				Base,
			);
			mainGroup = A6A1412D1C16BAA20048AB93;
			productRefGroup = A6A141371C16BAA20048AB93 /* Products */;
			projectDirPath = "";
			projectRoot = "";
			targets = (
				A6A141351C16BAA20048AB93 /* 手势解锁 */,
			);
		};
/* End PBXProject section */

/* Begin PBXResourcesBuildPhase section */
		A6A141341C16BAA20048AB93 /* Resources */ = {
			isa = PBXResourcesBuildPhase;
			buildActionMask = 2147483647;
			files = (
				A6A141491C16BAA20048AB93 /* LaunchScreen.storyboard in Resources */,
				A6A141461C16BAA20048AB93 /* Assets.xcassets in Resources */,
				A6A141441C16BAA20048AB93 /* Main.storyboard in Resources */,
			);
			runOnlyForDeploymentPostprocessing = 0;
		};
/* End PBXResourcesBuildPhase section */

/* Begin PBXSourcesBuildPhase section */
		A6A141321C16BAA20048AB93 /* Sources */ = {
			isa = PBXSourcesBuildPhase;
			buildActionMask = 2147483647;
			files = (
				A6A141411C16BAA20048AB93 /* ViewController.m in Sources */,
				A6A1413E1C16BAA20048AB93 /* AppDelegate.m in Sources */,
				A6A1413B1C16BAA20048AB93 /* main.m in Sources */,
				A6A141521C16BBD40048AB93 /* HMView.m in Sources */,
			);
			runOnlyForDeploymentPostprocessing = 0;
		};
/* End PBXSourcesBuildPhase section */

/* Begin PBXVariantGroup section */
		A6A141421C16BAA20048AB93 /* Main.storyboard */ = {
			isa = PBXVariantGroup;
			children = (
				A6A141431C16BAA20048AB93 /* Base */,
			);
			name = Main.storyboard;
			sourceTree = "<group>";
		};
		A6A141471C16BAA20048AB93 /* LaunchScreen.storyboard */ = {
			isa = PBXVariantGroup;
			children = (
				A6A141481C16BAA20048AB93 /* Base */,
			);
			name = LaunchScreen.storyboard;
			sourceTree = "<group>";
		};
/* End PBXVariantGroup section */

/* Begin XCBuildConfiguration section */
		A6A1414B1C16BAA20048AB93 /* Debug */ = {
			isa = XCBuildConfiguration;
			buildSettings = {
				ALWAYS_SEARCH_USER_PATHS = NO;
				CLANG_CXX_LANGUAGE_STANDARD = "gnu++0x";
				CLANG_CXX_LIBRARY = "libc++";
				CLANG_ENABLE_MODULES = YES;
				CLANG_ENABLE_OBJC_ARC = YES;
				CLANG_WARN_BOOL_CONVERSION = YES;
				CLANG_WARN_CONSTANT_CONVERSION = YES;
				CLANG_WARN_DIRECT_OBJC_ISA_USAGE = YES_ERROR;
				CLANG_WARN_EMPTY_BODY = YES;
				CLANG_WARN_ENUM_CONVERSION = YES;
				CLANG_WARN_INT_CONVERSION = YES;
				CLANG_WARN_OBJC_ROOT_CLASS = YES_ERROR;
				CLANG_WARN_UNREACHABLE_CODE = YES;
				CLANG_WARN__DUPLICATE_METHOD_MATCH = YES;
				"CODE_SIGN_IDENTITY[sdk=iphoneos*]" = "iPhone Developer";
				COPY_PHASE_STRIP = NO;
				DEBUG_INFORMATION_FORMAT = dwarf;
				ENABLE_STRICT_OBJC_MSGSEND = YES;
				ENABLE_TESTABILITY = YES;
				GCC_C_LANGUAGE_STANDARD = gnu99;
				GCC_DYNAMIC_NO_PIC = NO;
				GCC_NO_COMMON_BLOCKS = YES;
				GCC_OPTIMIZATION_LEVEL = 0;
				GCC_PREPROCESSOR_DEFINITIONS = (
					"DEBUG=1",
					"$(inherited)",
				);
				GCC_WARN_64_TO_32_BIT_CONVERSION = YES;
				GCC_WARN_ABOUT_RETURN_TYPE = YES_ERROR;
				GCC_WARN_UNDECLARED_SELECTOR = YES;
				GCC_WARN_UNINITIALIZED_AUTOS = YES_AGGRESSIVE;
				GCC_WARN_UNUSED_FUNCTION = YES;
				GCC_WARN_UNUSED_VARIABLE = YES;
				IPHONEOS_DEPLOYMENT_TARGET = 9.0;
				MTL_ENABLE_DEBUG_INFO = YES;
				ONLY_ACTIVE_ARCH = YES;
				SDKROOT = iphoneos;
			};
			name = Debug;
		};
		A6A1414C1C16BAA20048AB93 /* Release */ = {
			isa = XCBuildConfiguration;
			buildSettings = {
				ALWAYS_SEARCH_USER_PATHS = NO;
				CLANG_CXX_LANGUAGE_STANDARD = "gnu++0x";
				CLANG_CXX_LIBRARY = "libc++";
				CLANG_ENABLE_MODULES = YES;
				CLANG_ENABLE_OBJC_ARC = YES;
				CLANG_WARN_BOOL_CONVERSION = YES;
				CLANG_WARN_CONSTANT_CONVERSION = YES;
				CLANG_WARN_DIRECT_OBJC_ISA_USAGE = YES_ERROR;
				CLANG_WARN_EMPTY_BODY = YES;
				CLANG_WARN_ENUM_CONVERSION = YES;
				CLANG_WARN_INT_CONVERSION = YES;
				CLANG_WARN_OBJC_ROOT_CLASS = YES_ERROR;
				CLANG_WARN_UNREACHABLE_CODE = YES;
				CLANG_WARN__DUPLICATE_METHOD_MATCH = YES;
				"CODE_SIGN_IDENTITY[sdk=iphoneos*]" = "iPhone Developer";
				COPY_PHASE_STRIP = NO;
				DEBUG_INFORMATION_FORMAT = "dwarf-with-dsym";
				ENABLE_NS_ASSERTIONS = NO;
				ENABLE_STRICT_OBJC_MSGSEND = YES;
				GCC_C_LANGUAGE_STANDARD = gnu99;
				GCC_NO_COMMON_BLOCKS = YES;
				GCC_WARN_64_TO_32_BIT_CONVERSION = YES;
				GCC_WARN_ABOUT_RETURN_TYPE = YES_ERROR;
				GCC_WARN_UNDECLARED_SELECTOR = YES;
				GCC_WARN_UNINITIALIZED_AUTOS = YES_AGGRESSIVE;
				GCC_WARN_UNUSED_FUNCTION = YES;
				GCC_WARN_UNUSED_VARIABLE = YES;
				IPHONEOS_DEPLOYMENT_TARGET = 9.0;
				MTL_ENABLE_DEBUG_INFO = NO;
				SDKROOT = iphoneos;
				VALIDATE_PRODUCT = YES;
			};
			name = Release;
		};
		A6A1414E1C16BAA20048AB93 /* Debug */ = {
			isa = XCBuildConfiguration;
			buildSettings = {
				ASSETCATALOG_COMPILER_APPICON_NAME = AppIcon;
				INFOPLIST_FILE = "手势解锁/Info.plist";
				LD_RUNPATH_SEARCH_PATHS = "$(inherited) @executable_path/Frameworks";
				PRODUCT_BUNDLE_IDENTIFIER = "com.itheima.----";
				PRODUCT_NAME = "$(TARGET_NAME)";
			};
			name = Debug;
		};
		A6A1414F1C16BAA20048AB93 /* Release */ = {
			isa = XCBuildConfiguration;
			buildSettings = {
				ASSETCATALOG_COMPILER_APPICON_NAME = AppIcon;
				INFOPLIST_FILE = "手势解锁/Info.plist";
				LD_RUNPATH_SEARCH_PATHS = "$(inherited) @executable_path/Frameworks";
				PRODUCT_BUNDLE_IDENTIFIER = "com.itheima.----";
				PRODUCT_NAME = "$(TARGET_NAME)";
			};
			name = Release;
		};
/* End XCBuildConfiguration section */

/* Begin XCConfigurationList section */
		A6A141311C16BAA20048AB93 /* Build configuration list for PBXProject "手势解锁" */ = {
			isa = XCConfigurationList;
			buildConfigurations = (
				A6A1414B1C16BAA20048AB93 /* Debug */,
				A6A1414C1C16BAA20048AB93 /* Release */,
			);
			defaultConfigurationIsVisible = 0;
			defaultConfigurationName = Release;
		};
		A6A1414D1C16BAA20048AB93 /* Build configuration list for PBXNativeTarget "手势解锁" */ = {
			isa = XCConfigurationList;
			buildConfigurations = (
				A6A1414E1C16BAA20048AB93 /* Debug */,
				A6A1414F1C16BAA20048AB93 /* Release */,
			);
			defaultConfigurationIsVisible = 0;
		};
/* End XCConfigurationList section */
	};
	rootObject = A6A1412E1C16BAA20048AB93 /* Project object */;
}
